
Microsoft Visual Studio Solution File, Format Version 12.00
# Visual Studio Version 17
VisualStudioVersion = 17.5.33627.172
MinimumVisualStudioVersion = 10.0.40219.1
Project("{FAE04EC0-301F-11D3-BF4B-00C04F79EFBC}") = "JokesWebApp", "JokesWebApp.csproj", "{DC6E5E75-45FF-4B57-BD5D-730CCD970910}"
EndProject
Global
	GlobalSection(SolutionConfigurationPlatforms) = preSolution
		Debug|Any CPU = Debug|Any CPU
		Release|Any CPU = Release|Any CPU
	EndGlobalSection
	GlobalSection(ProjectConfigurationPlatforms) = postSolution
		{DC6E5E75-45FF-4B57-BD5D-730CCD970910}.Debug|Any CPU.ActiveCfg = Debug|Any CPU
		{DC6E5E75-45FF-4B57-BD5D-730CCD970910}.Debug|Any CPU.Build.0 = Debug|Any CPU
		{DC6E5E75-45FF-4B57-BD5D-730CCD970910}.Release|Any CPU.ActiveCfg = Release|Any CPU
		{DC6E5E75-45FF-4B57-BD5D-730CCD970910}.Release|Any CPU.Build.0 = Release|Any CPU
	EndGlobalSection
	GlobalSection(SolutionProperties) = preSolution
		HideSolutionNode = FALSE
	EndGlobalSection
	GlobalSection(ExtensibilityGlobals) = postSolution
		SolutionGuid = {0C121779-3354-4119-AE7D-2B6922634748}
	EndGlobalSection
EndGlobal
